
Microsoft Visual Studio Solution File, Format Version 12.00
# Visual Studio 15
VisualStudioVersion = 15.0.28307.960
MinimumVisualStudioVersion = 10.0.40219.1
Project("{FAE04EC0-301F-11D3-BF4B-00C04F79EFBC}") = "ConsoleApp1", "ConsoleApp1\ConsoleApp1.csproj", "{BDAF9308-5406-4898-9516-86207C8DF99A}"
EndProject
Project("{FAE04EC0-301F-11D3-BF4B-00C04F79EFBC}") = "ConsoleApp1Test", "ConsoleApp1Test\ConsoleApp1Test.csproj", "{EE7E21FB-E935-4712-85AC-8EF4E53FEC2B}"
EndProject
Global
	GlobalSection(SolutionConfigurationPlatforms) = preSolution
		Debug|Any CPU = Debug|Any CPU
		Debug|x64 = Debug|x64
		Debug|x86 = Debug|x86
		Release|Any CPU = Release|Any CPU
		Release|x64 = Release|x64
		Release|x86 = Release|x86
	EndGlobalSection
	GlobalSection(ProjectConfigurationPlatforms) = postSolution
		{BDAF9308-5406-4898-9516-86207C8DF99A}.Debug|Any CPU.ActiveCfg = Debug|Any CPU
		{BDAF9308-5406-4898-9516-86207C8DF99A}.Debug|Any CPU.Build.0 = Debug|Any CPU
		{BDAF9308-5406-4898-9516-86207C8DF99A}.Debug|x64.ActiveCfg = Debug|Any CPU
		{BDAF9308-5406-4898-9516-86207C8DF99A}.Debug|x64.Build.0 = Debug|Any CPU
		{BDAF9308-5406-4898-9516-86207C8DF99A}.Debug|x86.ActiveCfg = Debug|Any CPU
		{BDAF9308-5406-4898-9516-86207C8DF99A}.Debug|x86.Build.0 = Debug|Any CPU
		{BDAF9308-5406-4898-9516-86207C8DF99A}.Release|Any CPU.ActiveCfg = Release|Any CPU
		{BDAF9308-5406-4898-9516-86207C8DF99A}.Release|Any CPU.Build.0 = Release|Any CPU
		{BDAF9308-5406-4898-9516-86207C8DF99A}.Release|x64.ActiveCfg = Release|Any CPU
		{BDAF9308-5406-4898-9516-86207C8DF99A}.Release|x64.Build.0 = Release|Any CPU
		{BDAF9308-5406-4898-9516-86207C8DF99A}.Release|x86.ActiveCfg = Release|Any CPU
		{BDAF9308-5406-4898-9516-86207C8DF99A}.Release|x86.Build.0 = Release|Any CPU
		{EE7E21FB-E935-4712-85AC-8EF4E53FEC2B}.Debug|Any CPU.ActiveCfg = Debug|Any CPU
		{EE7E21FB-E935-4712-85AC-8EF4E53FEC2B}.Debug|Any CPU.Build.0 = Debug|Any CPU
		{EE7E21FB-E935-4712-85AC-8EF4E53FEC2B}.Debug|x64.ActiveCfg = Debug|Any CPU
		{EE7E21FB-E935-4712-85AC-8EF4E53FEC2B}.Debug|x64.Build.0 = Debug|Any CPU
		{EE7E21FB-E935-4712-85AC-8EF4E53FEC2B}.Debug|x86.ActiveCfg = Debug|Any CPU
		{EE7E21FB-E935-4712-85AC-8EF4E53FEC2B}.Debug|x86.Build.0 = Debug|Any CPU
		{EE7E21FB-E935-4712-85AC-8EF4E53FEC2B}.Release|Any CPU.ActiveCfg = Release|Any CPU
		{EE7E21FB-E935-4712-85AC-8EF4E53FEC2B}.Release|Any CPU.Build.0 = Release|Any CPU
		{EE7E21FB-E935-4712-85AC-8EF4E53FEC2B}.Release|x64.ActiveCfg = Release|Any CPU
		{EE7E21FB-E935-4712-85AC-8EF4E53FEC2B}.Release|x64.Build.0 = Release|Any CPU
		{EE7E21FB-E935-4712-85AC-8EF4E53FEC2B}.Release|x86.ActiveCfg = Release|Any CPU
		{EE7E21FB-E935-4712-85AC-8EF4E53FEC2B}.Release|x86.Build.0 = Release|Any CPU
	EndGlobalSection
	GlobalSection(SolutionProperties) = preSolution
		HideSolutionNode = FALSE
	EndGlobalSection
	GlobalSection(ExtensibilityGlobals) = postSolution
		SolutionGuid = {A01648DB-24A9-4613-98BC-FB55596B4AE5}
	EndGlobalSection
EndGlobal
